// !$*UTF8*$!
{
	archiveVersion = 1;
	classes = {
	};
	objectVersion = 50;
	objects = {

/* Begin PBXBuildFile section */
		5751C0C323E7C2390027B7FD /* ProductItemsCollectionViewCell.swift in Sources */ = {isa = PBXBuildFile; fileRef = 5751C0C223E7C2390027B7FD /* ProductItemsCollectionViewCell.swift */; };
		5759532623E51A150060F27E /* FriendGroupTableViewCell.swift in Sources */ = {isa = PBXBuildFile; fileRef = 5759532523E51A150060F27E /* FriendGroupTableViewCell.swift */; };
		5759532823E555580060F27E /* AddFriendOrGroupViewController.swift in Sources */ = {isa = PBXBuildFile; fileRef = 5759532723E555580060F27E /* AddFriendOrGroupViewController.swift */; };
		5759BB8D23E594F00037FF3F /* SearchFriendTableViewCell.swift in Sources */ = {isa = PBXBuildFile; fileRef = 5759BB8C23E594F00037FF3F /* SearchFriendTableViewCell.swift */; };
		575AC1E023ED0D7900CC16DD /* 101APB.ttf in Resources */ = {isa = PBXBuildFile; fileRef = 575AC1DF23ED0D7900CC16DD /* 101APB.ttf */; };
		575AC1E223ED13F000CC16DD /* VNI-Ongdo.ttf in Resources */ = {isa = PBXBuildFile; fileRef = 575AC1E123ED13F000CC16DD /* VNI-Ongdo.ttf */; };
		575AC1E423ED158300CC16DD /* hlsimple.ttf in Resources */ = {isa = PBXBuildFile; fileRef = 575AC1E323ED158300CC16DD /* hlsimple.ttf */; };
		575AC1E623ED354600CC16DD /* LogInViewController.swift in Sources */ = {isa = PBXBuildFile; fileRef = 575AC1E523ED354600CC16DD /* LogInViewController.swift */; };
		575ACCAA23EA575D000842F2 /* ChatMainViewController.swift in Sources */ = {isa = PBXBuildFile; fileRef = 575ACCA923EA575D000842F2 /* ChatMainViewController.swift */; };
		575ACCAC23EA8BEC000842F2 /* CreateGroupViewController.swift in Sources */ = {isa = PBXBuildFile; fileRef = 575ACCAB23EA8BEC000842F2 /* CreateGroupViewController.swift */; };
		575D451823E7FE0A000A51BD /* GiftProductListTableViewCell.swift in Sources */ = {isa = PBXBuildFile; fileRef = 575D451723E7FE0A000A51BD /* GiftProductListTableViewCell.swift */; };
		575D451B23E83E22000A51BD /* ChatListTableViewCell.swift in Sources */ = {isa = PBXBuildFile; fileRef = 575D451A23E83E22000A51BD /* ChatListTableViewCell.swift */; };
		57609FE223E6B51200F91EB7 /* GiftViewController.swift in Sources */ = {isa = PBXBuildFile; fileRef = 57609FE123E6B51200F91EB7 /* GiftViewController.swift */; };
		57609FE523E6B5A800F91EB7 /* GiftImageCollectionViewCell.swift in Sources */ = {isa = PBXBuildFile; fileRef = 57609FE423E6B5A800F91EB7 /* GiftImageCollectionViewCell.swift */; };
		5764068923E2D2990056440F /* FriendCompanyGroupTableViewCell.swift in Sources */ = {isa = PBXBuildFile; fileRef = 5764068823E2D2990056440F /* FriendCompanyGroupTableViewCell.swift */; };
		57D0273E23E1EFD20078460D /* AppDelegate.swift in Sources */ = {isa = PBXBuildFile; fileRef = 57D0273D23E1EFD20078460D /* AppDelegate.swift */; };
		57D0274223E1EFD20078460D /* FriendViewController.swift in Sources */ = {isa = PBXBuildFile; fileRef = 57D0274123E1EFD20078460D /* FriendViewController.swift */; };
		57D0274523E1EFD20078460D /* Main.storyboard in Resources */ = {isa = PBXBuildFile; fileRef = 57D0274323E1EFD20078460D /* Main.storyboard */; };
		57D0274723E1EFD50078460D /* Assets.xcassets in Resources */ = {isa = PBXBuildFile; fileRef = 57D0274623E1EFD50078460D /* Assets.xcassets */; };
		57D0274A23E1EFD50078460D /* LaunchScreen.storyboard in Resources */ = {isa = PBXBuildFile; fileRef = 57D0274823E1EFD50078460D /* LaunchScreen.storyboard */; };
		57E1708523E2A68400871888 /* FriendCompanyTableViewCell.swift in Sources */ = {isa = PBXBuildFile; fileRef = 57E1708423E2A68400871888 /* FriendCompanyTableViewCell.swift */; };
		57E1708723E2AFF100871888 /* FriendPersonalTableViewCell.swift in Sources */ = {isa = PBXBuildFile; fileRef = 57E1708623E2AFF100871888 /* FriendPersonalTableViewCell.swift */; };
/* End PBXBuildFile section */

/* Begin PBXFileReference section */
		5751C0C223E7C2390027B7FD /* ProductItemsCollectionViewCell.swift */ = {isa = PBXFileReference; lastKnownFileType = sourcecode.swift; path = ProductItemsCollectionViewCell.swift; sourceTree = "<group>"; };
		5759532523E51A150060F27E /* FriendGroupTableViewCell.swift */ = {isa = PBXFileReference; lastKnownFileType = sourcecode.swift; path = FriendGroupTableViewCell.swift; sourceTree = "<group>"; };
		5759532723E555580060F27E /* AddFriendOrGroupViewController.swift */ = {isa = PBXFileReference; lastKnownFileType = sourcecode.swift; path = AddFriendOrGroupViewController.swift; sourceTree = "<group>"; };
		5759BB8C23E594F00037FF3F /* SearchFriendTableViewCell.swift */ = {isa = PBXFileReference; lastKnownFileType = sourcecode.swift; path = SearchFriendTableViewCell.swift; sourceTree = "<group>"; };
		575AC1DF23ED0D7900CC16DD /* 101APB.ttf */ = {isa = PBXFileReference; lastKnownFileType = file; path = 101APB.ttf; sourceTree = "<group>"; };
		575AC1E123ED13F000CC16DD /* VNI-Ongdo.ttf */ = {isa = PBXFileReference; lastKnownFileType = file; path = "VNI-Ongdo.ttf"; sourceTree = "<group>"; };
		575AC1E323ED158300CC16DD /* hlsimple.ttf */ = {isa = PBXFileReference; lastKnownFileType = file; path = hlsimple.ttf; sourceTree = "<group>"; };
		575AC1E523ED354600CC16DD /* LogInViewController.swift */ = {isa = PBXFileReference; lastKnownFileType = sourcecode.swift; path = LogInViewController.swift; sourceTree = "<group>"; };
		575ACCA923EA575D000842F2 /* ChatMainViewController.swift */ = {isa = PBXFileReference; lastKnownFileType = sourcecode.swift; path = ChatMainViewController.swift; sourceTree = "<group>"; };
		575ACCAB23EA8BEC000842F2 /* CreateGroupViewController.swift */ = {isa = PBXFileReference; lastKnownFileType = sourcecode.swift; path = CreateGroupViewController.swift; sourceTree = "<group>"; };
		575D451723E7FE0A000A51BD /* GiftProductListTableViewCell.swift */ = {isa = PBXFileReference; lastKnownFileType = sourcecode.swift; path = GiftProductListTableViewCell.swift; sourceTree = "<group>"; };
		575D451A23E83E22000A51BD /* ChatListTableViewCell.swift */ = {isa = PBXFileReference; lastKnownFileType = sourcecode.swift; path = ChatListTableViewCell.swift; sourceTree = "<group>"; };
		57609FE123E6B51200F91EB7 /* GiftViewController.swift */ = {isa = PBXFileReference; lastKnownFileType = sourcecode.swift; path = GiftViewController.swift; sourceTree = "<group>"; };
		57609FE423E6B5A800F91EB7 /* GiftImageCollectionViewCell.swift */ = {isa = PBXFileReference; lastKnownFileType = sourcecode.swift; path = GiftImageCollectionViewCell.swift; sourceTree = "<group>"; };
		5764068823E2D2990056440F /* FriendCompanyGroupTableViewCell.swift */ = {isa = PBXFileReference; lastKnownFileType = sourcecode.swift; path = FriendCompanyGroupTableViewCell.swift; sourceTree = "<group>"; };
		57D0273A23E1EFD20078460D /* RickM+.app */ = {isa = PBXFileReference; explicitFileType = wrapper.application; includeInIndex = 0; path = "RickM+.app"; sourceTree = BUILT_PRODUCTS_DIR; };
		57D0273D23E1EFD20078460D /* AppDelegate.swift */ = {isa = PBXFileReference; lastKnownFileType = sourcecode.swift; path = AppDelegate.swift; sourceTree = "<group>"; };
		57D0274123E1EFD20078460D /* FriendViewController.swift */ = {isa = PBXFileReference; lastKnownFileType = sourcecode.swift; path = FriendViewController.swift; sourceTree = "<group>"; };
		57D0274423E1EFD20078460D /* Base */ = {isa = PBXFileReference; lastKnownFileType = file.storyboard; name = Base; path = Base.lproj/Main.storyboard; sourceTree = "<group>"; };
		57D0274623E1EFD50078460D /* Assets.xcassets */ = {isa = PBXFileReference; lastKnownFileType = folder.assetcatalog; path = Assets.xcassets; sourceTree = "<group>"; };
		57D0274923E1EFD50078460D /* Base */ = {isa = PBXFileReference; lastKnownFileType = file.storyboard; name = Base; path = Base.lproj/LaunchScreen.storyboard; sourceTree = "<group>"; };
		57D0274B23E1EFD50078460D /* Info.plist */ = {isa = PBXFileReference; lastKnownFileType = text.plist.xml; path = Info.plist; sourceTree = "<group>"; };
		57E1708423E2A68400871888 /* FriendCompanyTableViewCell.swift */ = {isa = PBXFileReference; lastKnownFileType = sourcecode.swift; path = FriendCompanyTableViewCell.swift; sourceTree = "<group>"; };
		57E1708623E2AFF100871888 /* FriendPersonalTableViewCell.swift */ = {isa = PBXFileReference; lastKnownFileType = sourcecode.swift; path = FriendPersonalTableViewCell.swift; sourceTree = "<group>"; };
/* End PBXFileReference section */

/* Begin PBXFrameworksBuildPhase section */
		57D0273723E1EFD20078460D /* Frameworks */ = {
			isa = PBXFrameworksBuildPhase;
			buildActionMask = 2147483647;
			files = (
			);
			runOnlyForDeploymentPostprocessing = 0;
		};
/* End PBXFrameworksBuildPhase section */

/* Begin PBXGroup section */
		5759BB8A23E594840037FF3F /* FriendPage */ = {
			isa = PBXGroup;
			children = (
				5764068823E2D2990056440F /* FriendCompanyGroupTableViewCell.swift */,
				57E1708623E2AFF100871888 /* FriendPersonalTableViewCell.swift */,
				57E1708423E2A68400871888 /* FriendCompanyTableViewCell.swift */,
				5759532523E51A150060F27E /* FriendGroupTableViewCell.swift */,
			);
			path = FriendPage;
			sourceTree = "<group>";
		};
		5759BB8B23E5949A0037FF3F /* SearchPage */ = {
			isa = PBXGroup;
			children = (
				5759BB8C23E594F00037FF3F /* SearchFriendTableViewCell.swift */,
			);
			path = SearchPage;
			sourceTree = "<group>";
		};
		575AC1DC23ED0B0000CC16DD /* Resources */ = {
			isa = PBXGroup;
			children = (
				575AC1DF23ED0D7900CC16DD /* 101APB.ttf */,
				575AC1E123ED13F000CC16DD /* VNI-Ongdo.ttf */,
				575AC1E323ED158300CC16DD /* hlsimple.ttf */,
			);
			path = Resources;
			sourceTree = "<group>";
		};
		575AC1E723ED354F00CC16DD /* LogIn */ = {
			isa = PBXGroup;
			children = (
				575AC1E523ED354600CC16DD /* LogInViewController.swift */,
			);
			path = LogIn;
			sourceTree = "<group>";
		};
		575AC1E823ED355E00CC16DD /* Gift */ = {
			isa = PBXGroup;
			children = (
				57609FE123E6B51200F91EB7 /* GiftViewController.swift */,
			);
			path = Gift;
			sourceTree = "<group>";
		};
		575AC1E923ED356F00CC16DD /* Chat */ = {
			isa = PBXGroup;
			children = (
				575ACCA923EA575D000842F2 /* ChatMainViewController.swift */,
			);
			path = Chat;
			sourceTree = "<group>";
		};
		575ACCAD23EA8BF9000842F2 /* Friend */ = {
			isa = PBXGroup;
			children = (
				57D0274123E1EFD20078460D /* FriendViewController.swift */,
				5759532723E555580060F27E /* AddFriendOrGroupViewController.swift */,
				575ACCAB23EA8BEC000842F2 /* CreateGroupViewController.swift */,
			);
			path = Friend;
			sourceTree = "<group>";
		};
		57609FE323E6B52000F91EB7 /* GIft */ = {
			isa = PBXGroup;
			children = (
				57609FE423E6B5A800F91EB7 /* GiftImageCollectionViewCell.swift */,
				575D451723E7FE0A000A51BD /* GiftProductListTableViewCell.swift */,
				5751C0C223E7C2390027B7FD /* ProductItemsCollectionViewCell.swift */,
			);
			path = GIft;
			sourceTree = "<group>";
		};
		5764068A23E2DA510056440F /* View */ = {
			isa = PBXGroup;
			children = (
				57690F5723EBA8F400710824 /* Chat */,
				57609FE323E6B52000F91EB7 /* GIft */,
				5764068B23E2DAC80056440F /* Friend */,
			);
			path = View;
			sourceTree = "<group>";
		};
		5764068B23E2DAC80056440F /* Friend */ = {
			isa = PBXGroup;
			children = (
				5759BB8B23E5949A0037FF3F /* SearchPage */,
				5759BB8A23E594840037FF3F /* FriendPage */,
			);
			path = Friend;
			sourceTree = "<group>";
		};
		57690F5623EBA8B800710824 /* Controller */ = {
			isa = PBXGroup;
			children = (
				575AC1E723ED354F00CC16DD /* LogIn */,
				575ACCAD23EA8BF9000842F2 /* Friend */,
				575AC1E923ED356F00CC16DD /* Chat */,
				575AC1E823ED355E00CC16DD /* Gift */,
			);
			path = Controller;
			sourceTree = "<group>";
		};
		57690F5723EBA8F400710824 /* Chat */ = {
			isa = PBXGroup;
			children = (
				575D451A23E83E22000A51BD /* ChatListTableViewCell.swift */,
			);
			path = Chat;
			sourceTree = "<group>";
		};
		57D0273123E1EFD20078460D = {
			isa = PBXGroup;
			children = (
				57D0273C23E1EFD20078460D /* RickM+ */,
				57D0273B23E1EFD20078460D /* Products */,
			);
			sourceTree = "<group>";
		};
		57D0273B23E1EFD20078460D /* Products */ = {
			isa = PBXGroup;
			children = (
				57D0273A23E1EFD20078460D /* RickM+.app */,
			);
			name = Products;
			sourceTree = "<group>";
		};
		57D0273C23E1EFD20078460D /* RickM+ */ = {
			isa = PBXGroup;
			children = (
				575AC1DC23ED0B0000CC16DD /* Resources */,
				57690F5623EBA8B800710824 /* Controller */,
				5764068A23E2DA510056440F /* View */,
				57D0273D23E1EFD20078460D /* AppDelegate.swift */,
				57D0274323E1EFD20078460D /* Main.storyboard */,
				57D0274623E1EFD50078460D /* Assets.xcassets */,
				57D0274823E1EFD50078460D /* LaunchScreen.storyboard */,
				57D0274B23E1EFD50078460D /* Info.plist */,
			);
			path = "RickM+";
			sourceTree = "<group>";
		};
/* End PBXGroup section */

/* Begin PBXNativeTarget section */
		57D0273923E1EFD20078460D /* RickM+ */ = {
			isa = PBXNativeTarget;
			buildConfigurationList = 57D0274E23E1EFD50078460D /* Build configuration list for PBXNativeTarget "RickM+" */;
			buildPhases = (
				57D0273623E1EFD20078460D /* Sources */,
				57D0273723E1EFD20078460D /* Frameworks */,
				57D0273823E1EFD20078460D /* Resources */,
			);
			buildRules = (
			);
			dependencies = (
			);
			name = "RickM+";
			productName = "RickM+";
			productReference = 57D0273A23E1EFD20078460D /* RickM+.app */;
			productType = "com.apple.product-type.application";
		};
/* End PBXNativeTarget section */

/* Begin PBXProject section */
		57D0273223E1EFD20078460D /* Project object */ = {
			isa = PBXProject;
			attributes = {
				LastSwiftUpdateCheck = 1130;
				LastUpgradeCheck = 1130;
				ORGANIZATIONNAME = RickSun;
				TargetAttributes = {
					57D0273923E1EFD20078460D = {
						CreatedOnToolsVersion = 11.3;
					};
				};
			};
			buildConfigurationList = 57D0273523E1EFD20078460D /* Build configuration list for PBXProject "RickM+" */;
			compatibilityVersion = "Xcode 9.3";
			developmentRegion = en;
			hasScannedForEncodings = 0;
			knownRegions = (
				en,
				Base,
			);
			mainGroup = 57D0273123E1EFD20078460D;
			productRefGroup = 57D0273B23E1EFD20078460D /* Products */;
			projectDirPath = "";
			projectRoot = "";
			targets = (
				57D0273923E1EFD20078460D /* RickM+ */,
			);
		};
/* End PBXProject section */

/* Begin PBXResourcesBuildPhase section */
		57D0273823E1EFD20078460D /* Resources */ = {
			isa = PBXResourcesBuildPhase;
			buildActionMask = 2147483647;
			files = (
				57D0274A23E1EFD50078460D /* LaunchScreen.storyboard in Resources */,
				57D0274723E1EFD50078460D /* Assets.xcassets in Resources */,
				575AC1E423ED158300CC16DD /* hlsimple.ttf in Resources */,
				57D0274523E1EFD20078460D /* Main.storyboard in Resources */,
				575AC1E223ED13F000CC16DD /* VNI-Ongdo.ttf in Resources */,
				575AC1E023ED0D7900CC16DD /* 101APB.ttf in Resources */,
			);
			runOnlyForDeploymentPostprocessing = 0;
		};
/* End PBXResourcesBuildPhase section */

/* Begin PBXSourcesBuildPhase section */
		57D0273623E1EFD20078460D /* Sources */ = {
			isa = PBXSourcesBuildPhase;
			buildActionMask = 2147483647;
			files = (
				575ACCAA23EA575D000842F2 /* ChatMainViewController.swift in Sources */,
				57E1708523E2A68400871888 /* FriendCompanyTableViewCell.swift in Sources */,
				57E1708723E2AFF100871888 /* FriendPersonalTableViewCell.swift in Sources */,
				5759532823E555580060F27E /* AddFriendOrGroupViewController.swift in Sources */,
				5759BB8D23E594F00037FF3F /* SearchFriendTableViewCell.swift in Sources */,
				5751C0C323E7C2390027B7FD /* ProductItemsCollectionViewCell.swift in Sources */,
				57609FE223E6B51200F91EB7 /* GiftViewController.swift in Sources */,
				575D451B23E83E22000A51BD /* ChatListTableViewCell.swift in Sources */,
				5764068923E2D2990056440F /* FriendCompanyGroupTableViewCell.swift in Sources */,
				575ACCAC23EA8BEC000842F2 /* CreateGroupViewController.swift in Sources */,
				575D451823E7FE0A000A51BD /* GiftProductListTableViewCell.swift in Sources */,
				57D0274223E1EFD20078460D /* FriendViewController.swift in Sources */,
				575AC1E623ED354600CC16DD /* LogInViewController.swift in Sources */,
				57D0273E23E1EFD20078460D /* AppDelegate.swift in Sources */,
				57609FE523E6B5A800F91EB7 /* GiftImageCollectionViewCell.swift in Sources */,
				5759532623E51A150060F27E /* FriendGroupTableViewCell.swift in Sources */,
			);
			runOnlyForDeploymentPostprocessing = 0;
		};
/* End PBXSourcesBuildPhase section */

/* Begin PBXVariantGroup section */
		57D0274323E1EFD20078460D /* Main.storyboard */ = {
			isa = PBXVariantGroup;
			children = (
				57D0274423E1EFD20078460D /* Base */,
			);
			name = Main.storyboard;
			sourceTree = "<group>";
		};
		57D0274823E1EFD50078460D /* LaunchScreen.storyboard */ = {
			isa = PBXVariantGroup;
			children = (
				57D0274923E1EFD50078460D /* Base */,
			);
			name = LaunchScreen.storyboard;
			sourceTree = "<group>";
		};
/* End PBXVariantGroup section */

/* Begin XCBuildConfiguration section */
		57D0274C23E1EFD50078460D /* Debug */ = {
			isa = XCBuildConfiguration;
			buildSettings = {
				ALWAYS_SEARCH_USER_PATHS = NO;
				CLANG_ANALYZER_NONNULL = YES;
				CLANG_ANALYZER_NUMBER_OBJECT_CONVERSION = YES_AGGRESSIVE;
				CLANG_CXX_LANGUAGE_STANDARD = "gnu++14";
				CLANG_CXX_LIBRARY = "libc++";
				CLANG_ENABLE_MODULES = YES;
				CLANG_ENABLE_OBJC_ARC = YES;
				CLANG_ENABLE_OBJC_WEAK = YES;
				CLANG_WARN_BLOCK_CAPTURE_AUTORELEASING = YES;
				CLANG_WARN_BOOL_CONVERSION = YES;
				CLANG_WARN_COMMA = YES;
				CLANG_WARN_CONSTANT_CONVERSION = YES;
				CLANG_WARN_DEPRECATED_OBJC_IMPLEMENTATIONS = YES;
				CLANG_WARN_DIRECT_OBJC_ISA_USAGE = YES_ERROR;
				CLANG_WARN_DOCUMENTATION_COMMENTS = YES;
				CLANG_WARN_EMPTY_BODY = YES;
				CLANG_WARN_ENUM_CONVERSION = YES;
				CLANG_WARN_INFINITE_RECURSION = YES;
				CLANG_WARN_INT_CONVERSION = YES;
				CLANG_WARN_NON_LITERAL_NULL_CONVERSION = YES;
				CLANG_WARN_OBJC_IMPLICIT_RETAIN_SELF = YES;
				CLANG_WARN_OBJC_LITERAL_CONVERSION = YES;
				CLANG_WARN_OBJC_ROOT_CLASS = YES_ERROR;
				CLANG_WARN_RANGE_LOOP_ANALYSIS = YES;
				CLANG_WARN_STRICT_PROTOTYPES = YES;
				CLANG_WARN_SUSPICIOUS_MOVE = YES;
				CLANG_WARN_UNGUARDED_AVAILABILITY = YES_AGGRESSIVE;
				CLANG_WARN_UNREACHABLE_CODE = YES;
				CLANG_WARN__DUPLICATE_METHOD_MATCH = YES;
				COPY_PHASE_STRIP = NO;
				DEBUG_INFORMATION_FORMAT = dwarf;
				ENABLE_STRICT_OBJC_MSGSEND = YES;
				ENABLE_TESTABILITY = YES;
				GCC_C_LANGUAGE_STANDARD = gnu11;
				GCC_DYNAMIC_NO_PIC = NO;
				GCC_NO_COMMON_BLOCKS = YES;
				GCC_OPTIMIZATION_LEVEL = 0;
				GCC_PREPROCESSOR_DEFINITIONS = (
					"DEBUG=1",
					"$(inherited)",
				);
				GCC_WARN_64_TO_32_BIT_CONVERSION = YES;
				GCC_WARN_ABOUT_RETURN_TYPE = YES_ERROR;
				GCC_WARN_UNDECLARED_SELECTOR = YES;
				GCC_WARN_UNINITIALIZED_AUTOS = YES_AGGRESSIVE;
				GCC_WARN_UNUSED_FUNCTION = YES;
				GCC_WARN_UNUSED_VARIABLE = YES;
				IPHONEOS_DEPLOYMENT_TARGET = 13.2;
				MTL_ENABLE_DEBUG_INFO = INCLUDE_SOURCE;
				MTL_FAST_MATH = YES;
				ONLY_ACTIVE_ARCH = YES;
				SDKROOT = iphoneos;
				SWIFT_ACTIVE_COMPILATION_CONDITIONS = DEBUG;
				SWIFT_OPTIMIZATION_LEVEL = "-Onone";
			};
			name = Debug;
		};
		57D0274D23E1EFD50078460D /* Release */ = {
			isa = XCBuildConfiguration;
			buildSettings = {
				ALWAYS_SEARCH_USER_PATHS = NO;
				CLANG_ANALYZER_NONNULL = YES;
				CLANG_ANALYZER_NUMBER_OBJECT_CONVERSION = YES_AGGRESSIVE;
				CLANG_CXX_LANGUAGE_STANDARD = "gnu++14";
				CLANG_CXX_LIBRARY = "libc++";
				CLANG_ENABLE_MODULES = YES;
				CLANG_ENABLE_OBJC_ARC = YES;
				CLANG_ENABLE_OBJC_WEAK = YES;
				CLANG_WARN_BLOCK_CAPTURE_AUTORELEASING = YES;
				CLANG_WARN_BOOL_CONVERSION = YES;
				CLANG_WARN_COMMA = YES;
				CLANG_WARN_CONSTANT_CONVERSION = YES;
				CLANG_WARN_DEPRECATED_OBJC_IMPLEMENTATIONS = YES;
				CLANG_WARN_DIRECT_OBJC_ISA_USAGE = YES_ERROR;
				CLANG_WARN_DOCUMENTATION_COMMENTS = YES;
				CLANG_WARN_EMPTY_BODY = YES;
				CLANG_WARN_ENUM_CONVERSION = YES;
				CLANG_WARN_INFINITE_RECURSION = YES;
				CLANG_WARN_INT_CONVERSION = YES;
				CLANG_WARN_NON_LITERAL_NULL_CONVERSION = YES;
				CLANG_WARN_OBJC_IMPLICIT_RETAIN_SELF = YES;
				CLANG_WARN_OBJC_LITERAL_CONVERSION = YES;
				CLANG_WARN_OBJC_ROOT_CLASS = YES_ERROR;
				CLANG_WARN_RANGE_LOOP_ANALYSIS = YES;
				CLANG_WARN_STRICT_PROTOTYPES = YES;
				CLANG_WARN_SUSPICIOUS_MOVE = YES;
				CLANG_WARN_UNGUARDED_AVAILABILITY = YES_AGGRESSIVE;
				CLANG_WARN_UNREACHABLE_CODE = YES;
				CLANG_WARN__DUPLICATE_METHOD_MATCH = YES;
				COPY_PHASE_STRIP = NO;
				DEBUG_INFORMATION_FORMAT = "dwarf-with-dsym";
				ENABLE_NS_ASSERTIONS = NO;
				ENABLE_STRICT_OBJC_MSGSEND = YES;
				GCC_C_LANGUAGE_STANDARD = gnu11;
				GCC_NO_COMMON_BLOCKS = YES;
				GCC_WARN_64_TO_32_BIT_CONVERSION = YES;
				GCC_WARN_ABOUT_RETURN_TYPE = YES_ERROR;
				GCC_WARN_UNDECLARED_SELECTOR = YES;
				GCC_WARN_UNINITIALIZED_AUTOS = YES_AGGRESSIVE;
				GCC_WARN_UNUSED_FUNCTION = YES;
				GCC_WARN_UNUSED_VARIABLE = YES;
				IPHONEOS_DEPLOYMENT_TARGET = 13.2;
				MTL_ENABLE_DEBUG_INFO = NO;
				MTL_FAST_MATH = YES;
				SDKROOT = iphoneos;
				SWIFT_COMPILATION_MODE = wholemodule;
				SWIFT_OPTIMIZATION_LEVEL = "-O";
				VALIDATE_PRODUCT = YES;
			};
			name = Release;
		};
		57D0274F23E1EFD50078460D /* Debug */ = {
			isa = XCBuildConfiguration;
			buildSettings = {
				ASSETCATALOG_COMPILER_APPICON_NAME = AppIcon;
				CODE_SIGN_STYLE = Automatic;
				DEVELOPMENT_TEAM = 23Z6JMBK32;
				INFOPLIST_FILE = "RickM+/Info.plist";
				LD_RUNPATH_SEARCH_PATHS = (
					"$(inherited)",
					"@executable_path/Frameworks",
				);
				PRODUCT_BUNDLE_IDENTIFIER = "com.RickSunworkTW.RickM-";
				PRODUCT_NAME = "$(TARGET_NAME)";
				SWIFT_VERSION = 5.0;
				TARGETED_DEVICE_FAMILY = "1,2";
			};
			name = Debug;
		};
		57D0275023E1EFD50078460D /* Release */ = {
			isa = XCBuildConfiguration;
			buildSettings = {
				ASSETCATALOG_COMPILER_APPICON_NAME = AppIcon;
				CODE_SIGN_STYLE = Automatic;
				DEVELOPMENT_TEAM = 23Z6JMBK32;
				INFOPLIST_FILE = "RickM+/Info.plist";
				LD_RUNPATH_SEARCH_PATHS = (
					"$(inherited)",
					"@executable_path/Frameworks",
				);
				PRODUCT_BUNDLE_IDENTIFIER = "com.RickSunworkTW.RickM-";
				PRODUCT_NAME = "$(TARGET_NAME)";
				SWIFT_VERSION = 5.0;
				TARGETED_DEVICE_FAMILY = "1,2";
			};
			name = Release;
		};
/* End XCBuildConfiguration section */

/* Begin XCConfigurationList section */
		57D0273523E1EFD20078460D /* Build configuration list for PBXProject "RickM+" */ = {
			isa = XCConfigurationList;
			buildConfigurations = (
				57D0274C23E1EFD50078460D /* Debug */,
				57D0274D23E1EFD50078460D /* Release */,
			);
			defaultConfigurationIsVisible = 0;
			defaultConfigurationName = Release;
		};
		57D0274E23E1EFD50078460D /* Build configuration list for PBXNativeTarget "RickM+" */ = {
			isa = XCConfigurationList;
			buildConfigurations = (
				57D0274F23E1EFD50078460D /* Debug */,
				57D0275023E1EFD50078460D /* Release */,
			);
			defaultConfigurationIsVisible = 0;
			defaultConfigurationName = Release;
		};
/* End XCConfigurationList section */
	};
	rootObject = 57D0273223E1EFD20078460D /* Project object */;
}
